<Solution>
  <Project Path="SDM.SatOps.Automation/SDM.SatOps.Automation.csproj" Id="ecb7b08f-b30c-4239-a5ef-3b1eb60dbb77" />
  <Project Path="SDM.SatOps.CommonTests/SDM.SatOps.CommonTests.csproj">
    <Build Solution="Debug|*" Project="false" />
  </Project>
  <Project Path="SDM.SatOps.GQI/SDM.SatOps.GQI.csproj" Id="ecb216c6-89cb-43a0-951f-c62f079a756c" />
  <Project Path="Skyline.DataMiner.Dev.Utils.Solutions.SatOps/SDM.SatOps.Common.csproj" />
</Solution>
